
Microsoft Visual Studio Solution File, Format Version 12.00
# Visual Studio 15
VisualStudioVersion = 15.0.28307.168
MinimumVisualStudioVersion = 10.0.40219.1
Project("{FAE04EC0-301F-11D3-BF4B-00C04F79EFBC}") = "Class40ExampleDotNet", "Class40ExampleDotNet\Class40ExampleDotNet.csproj", "{BEBEC6FE-4FA0-4DA7-9F8A-8A5D8839CF15}"
EndProject
Global
	GlobalSection(SolutionConfigurationPlatforms) = preSolution
		Debug|Any CPU = Debug|Any CPU
		Release|Any CPU = Release|Any CPU
	EndGlobalSection
	GlobalSection(ProjectConfigurationPlatforms) = postSolution
		{BEBEC6FE-4FA0-4DA7-9F8A-8A5D8839CF15}.Debug|Any CPU.ActiveCfg = Debug|Any CPU
		{BEBEC6FE-4FA0-4DA7-9F8A-8A5D8839CF15}.Debug|Any CPU.Build.0 = Debug|Any CPU
		{BEBEC6FE-4FA0-4DA7-9F8A-8A5D8839CF15}.Release|Any CPU.ActiveCfg = Release|Any CPU
		{BEBEC6FE-4FA0-4DA7-9F8A-8A5D8839CF15}.Release|Any CPU.Build.0 = Release|Any CPU
	EndGlobalSection
	GlobalSection(SolutionProperties) = preSolution
		HideSolutionNode = FALSE
	EndGlobalSection
	GlobalSection(ExtensibilityGlobals) = postSolution
		SolutionGuid = {16ED2FD2-8F7B-432A-9E3C-9CE722895F08}
	EndGlobalSection
EndGlobal
